
Microsoft Visual Studio Solution File, Format Version 12.00
# Visual Studio Version 17
VisualStudioVersion = 17.5.33516.290
MinimumVisualStudioVersion = 10.0.40219.1
Project("{54A90642-561A-4BB1-A94E-469ADEE60C69}") = "reactapp", "reactapp\reactapp.esproj", "{B2701FEE-19DE-4FAB-BAD7-8258DED0868D}"
EndProject
Project("{9A19103F-16F7-4668-BE54-9A1E7A4F7556}") = "webapi", "webapi\webapi.csproj", "{2EE8DDCF-C171-409F-8F96-910955AE4A8B}"
EndProject
Global
	GlobalSection(SolutionConfigurationPlatforms) = preSolution
		Debug|Any CPU = Debug|Any CPU
		Release|Any CPU = Release|Any CPU
	EndGlobalSection
	GlobalSection(ProjectConfigurationPlatforms) = postSolution
		{B2701FEE-19DE-4FAB-BAD7-8258DED0868D}.Debug|Any CPU.ActiveCfg = Debug|Any CPU
		{B2701FEE-19DE-4FAB-BAD7-8258DED0868D}.Debug|Any CPU.Build.0 = Debug|Any CPU
		{B2701FEE-19DE-4FAB-BAD7-8258DED0868D}.Debug|Any CPU.Deploy.0 = Debug|Any CPU
		{B2701FEE-19DE-4FAB-BAD7-8258DED0868D}.Release|Any CPU.ActiveCfg = Release|Any CPU
		{B2701FEE-19DE-4FAB-BAD7-8258DED0868D}.Release|Any CPU.Build.0 = Release|Any CPU
		{B2701FEE-19DE-4FAB-BAD7-8258DED0868D}.Release|Any CPU.Deploy.0 = Release|Any CPU
		{2EE8DDCF-C171-409F-8F96-910955AE4A8B}.Debug|Any CPU.ActiveCfg = Debug|Any CPU
		{2EE8DDCF-C171-409F-8F96-910955AE4A8B}.Debug|Any CPU.Build.0 = Debug|Any CPU
		{2EE8DDCF-C171-409F-8F96-910955AE4A8B}.Release|Any CPU.ActiveCfg = Release|Any CPU
		{2EE8DDCF-C171-409F-8F96-910955AE4A8B}.Release|Any CPU.Build.0 = Release|Any CPU
	EndGlobalSection
	GlobalSection(SolutionProperties) = preSolution
		HideSolutionNode = FALSE
	EndGlobalSection
	GlobalSection(ExtensibilityGlobals) = postSolution
		SolutionGuid = {D03077AD-DBE2-408D-A390-B76B08A28151}
	EndGlobalSection
EndGlobal
